
Microsoft Visual Studio Solution File, Format Version 12.00
# Visual Studio Version 17
VisualStudioVersion = 17.0.31903.59
MinimumVisualStudioVersion = 10.0.40219.1
Project("{2150E333-8FDC-42A3-9474-1A3956D46DE8}") = "MVVMToolkitExtensions", "MVVMToolkitExtensions", "{DA38D034-FF49-4769-88D9-640B5C7B575C}"
	ProjectSection(SolutionItems) = preProject
		.gitattributes = .gitattributes
		.gitignore = .gitignore
		LICENSE.txt = LICENSE.txt
		README.md = README.md
	EndProjectSection
EndProject
Project("{2150E333-8FDC-42A3-9474-1A3956D46DE8}") = "src", "src", "{A9747B97-48AA-4DC2-BC50-4DC60882DF68}"
EndProject
Project("{2150E333-8FDC-42A3-9474-1A3956D46DE8}") = "demos", "demos", "{804ACBDE-A7AE-4FA6-9CD3-362D9E58A1A8}"
EndProject
Project("{9A19103F-16F7-4668-BE54-9A1E7A4F7556}") = "MVVMToolkitExtensions.WPF.Demo", "demos\MVVMToolkitExtensions.WPF.Demo\MVVMToolkitExtensions.WPF.Demo.csproj", "{CB68A799-DE1B-44EC-AEEC-293ABA4C15B2}"
EndProject
Project("{9A19103F-16F7-4668-BE54-9A1E7A4F7556}") = "MVVMToolkitExtensions.WPF", "src\MVVMToolkitExtensions.WPF\MVVMToolkitExtensions.WPF.csproj", "{BE8577F0-D0B2-4248-959A-DE8A79CC6E14}"
EndProject
Project("{9A19103F-16F7-4668-BE54-9A1E7A4F7556}") = "MVVMToolkitExtensions.MAUI", "src\MVVMToolkitExtensions.MAUI\MVVMToolkitExtensions.MAUI.csproj", "{2A79FF07-7C80-430D-B703-E48A17DFD044}"
EndProject
Project("{9A19103F-16F7-4668-BE54-9A1E7A4F7556}") = "MVVMToolkitExtensions.MAUI.Demo", "demos\MVVMToolkitExtensions.MAUI.Demo\MVVMToolkitExtensions.MAUI.Demo.csproj", "{EEB34D40-33B1-404A-B1F5-ECC42B4926B1}"
EndProject
Project("{2150E333-8FDC-42A3-9474-1A3956D46DE8}") = "tests", "tests", "{212E9F58-991F-44A9-AF6E-55A348525E95}"
EndProject
Project("{9A19103F-16F7-4668-BE54-9A1E7A4F7556}") = "MVVMToolkitExtensions.MAUI.Tests", "tests\MVVMToolkitExtensions.MAUI.Tests\MVVMToolkitExtensions.MAUI.Tests.csproj", "{44069740-6AAD-47EC-A471-EBBB34C59550}"
EndProject
Project("{9A19103F-16F7-4668-BE54-9A1E7A4F7556}") = "MVVMToolkitExtensions.WPF.Tests", "tests\MVVMToolkitExtensions.WPF.Tests\MVVMToolkitExtensions.WPF.Tests.csproj", "{70230C49-B2A4-4888-9852-FA134A838FB9}"
EndProject
Project("{2150E333-8FDC-42A3-9474-1A3956D46DE8}") = "docs", "docs", "{E93A4C55-F9A1-438F-B234-AB7E440FD62C}"
	ProjectSection(SolutionItems) = preProject
		docs\docfx.json = docs\docfx.json
		docs\index.md = docs\index.md
		docs\toc.yml = docs\toc.yml
	EndProjectSection
EndProject
Project("{2150E333-8FDC-42A3-9474-1A3956D46DE8}") = "api", "api", "{18DBEC0E-C9B4-41A9-AC87-19626C0BB914}"
	ProjectSection(SolutionItems) = preProject
		docs\api\.gitignore = docs\api\.gitignore
		docs\api\.manifest = docs\api\.manifest
		docs\api\index.md = docs\api\index.md
		docs\api\MVVMToolkitExtensions.MAUI.Controls.RegionControl.yml = docs\api\MVVMToolkitExtensions.MAUI.Controls.RegionControl.yml
		docs\api\MVVMToolkitExtensions.MAUI.Controls.yml = docs\api\MVVMToolkitExtensions.MAUI.Controls.yml
		docs\api\MVVMToolkitExtensions.MAUI.Extensions.MauiAppBuilderExtensions.yml = docs\api\MVVMToolkitExtensions.MAUI.Extensions.MauiAppBuilderExtensions.yml
		docs\api\MVVMToolkitExtensions.MAUI.Extensions.ServiceCollectionExtensions.yml = docs\api\MVVMToolkitExtensions.MAUI.Extensions.ServiceCollectionExtensions.yml
		docs\api\MVVMToolkitExtensions.MAUI.Extensions.yml = docs\api\MVVMToolkitExtensions.MAUI.Extensions.yml
		docs\api\MVVMToolkitExtensions.MAUI.Interfaces.INavigationAware.yml = docs\api\MVVMToolkitExtensions.MAUI.Interfaces.INavigationAware.yml
		docs\api\MVVMToolkitExtensions.MAUI.Interfaces.INavigationService.yml = docs\api\MVVMToolkitExtensions.MAUI.Interfaces.INavigationService.yml
		docs\api\MVVMToolkitExtensions.MAUI.Interfaces.IPageFactory.yml = docs\api\MVVMToolkitExtensions.MAUI.Interfaces.IPageFactory.yml
		docs\api\MVVMToolkitExtensions.MAUI.Interfaces.IRegionManager.yml = docs\api\MVVMToolkitExtensions.MAUI.Interfaces.IRegionManager.yml
		docs\api\MVVMToolkitExtensions.MAUI.Interfaces.IViewFactory.yml = docs\api\MVVMToolkitExtensions.MAUI.Interfaces.IViewFactory.yml
		docs\api\MVVMToolkitExtensions.MAUI.Interfaces.yml = docs\api\MVVMToolkitExtensions.MAUI.Interfaces.yml
		docs\api\MVVMToolkitExtensions.MAUI.Models.DialogParameters.yml = docs\api\MVVMToolkitExtensions.MAUI.Models.DialogParameters.yml
		docs\api\MVVMToolkitExtensions.MAUI.Models.NavigationParameters.yml = docs\api\MVVMToolkitExtensions.MAUI.Models.NavigationParameters.yml
		docs\api\MVVMToolkitExtensions.MAUI.Models.ParametersBase.yml = docs\api\MVVMToolkitExtensions.MAUI.Models.ParametersBase.yml
		docs\api\MVVMToolkitExtensions.MAUI.Models.yml = docs\api\MVVMToolkitExtensions.MAUI.Models.yml
		docs\api\MVVMToolkitExtensions.WPF.Controls.RegionControl.yml = docs\api\MVVMToolkitExtensions.WPF.Controls.RegionControl.yml
		docs\api\MVVMToolkitExtensions.WPF.Controls.yml = docs\api\MVVMToolkitExtensions.WPF.Controls.yml
		docs\api\MVVMToolkitExtensions.WPF.Extensions.ServiceCollectionExtensions.yml = docs\api\MVVMToolkitExtensions.WPF.Extensions.ServiceCollectionExtensions.yml
		docs\api\MVVMToolkitExtensions.WPF.Extensions.ServiceProviderExtensions.yml = docs\api\MVVMToolkitExtensions.WPF.Extensions.ServiceProviderExtensions.yml
		docs\api\MVVMToolkitExtensions.WPF.Extensions.yml = docs\api\MVVMToolkitExtensions.WPF.Extensions.yml
		docs\api\MVVMToolkitExtensions.WPF.Interfaces.IDialogAware.yml = docs\api\MVVMToolkitExtensions.WPF.Interfaces.IDialogAware.yml
		docs\api\MVVMToolkitExtensions.WPF.Interfaces.IDialogService.yml = docs\api\MVVMToolkitExtensions.WPF.Interfaces.IDialogService.yml
		docs\api\MVVMToolkitExtensions.WPF.Interfaces.INavigationAware.yml = docs\api\MVVMToolkitExtensions.WPF.Interfaces.INavigationAware.yml
		docs\api\MVVMToolkitExtensions.WPF.Interfaces.IRegionManager.yml = docs\api\MVVMToolkitExtensions.WPF.Interfaces.IRegionManager.yml
		docs\api\MVVMToolkitExtensions.WPF.Interfaces.IViewFactory.yml = docs\api\MVVMToolkitExtensions.WPF.Interfaces.IViewFactory.yml
		docs\api\MVVMToolkitExtensions.WPF.Interfaces.yml = docs\api\MVVMToolkitExtensions.WPF.Interfaces.yml
		docs\api\MVVMToolkitExtensions.WPF.Models.BaseParameters.yml = docs\api\MVVMToolkitExtensions.WPF.Models.BaseParameters.yml
		docs\api\MVVMToolkitExtensions.WPF.Models.DialogParameters.yml = docs\api\MVVMToolkitExtensions.WPF.Models.DialogParameters.yml
		docs\api\MVVMToolkitExtensions.WPF.Models.NavigationParameters.yml = docs\api\MVVMToolkitExtensions.WPF.Models.NavigationParameters.yml
		docs\api\MVVMToolkitExtensions.WPF.Models.yml = docs\api\MVVMToolkitExtensions.WPF.Models.yml
		docs\api\toc.yml = docs\api\toc.yml
	EndProjectSection
EndProject
Project("{2150E333-8FDC-42A3-9474-1A3956D46DE8}") = "apidoc", "apidoc", "{A695965B-87CD-4825-A675-389BF77AB79E}"
EndProject
Project("{2150E333-8FDC-42A3-9474-1A3956D46DE8}") = "articles", "articles", "{DF39242D-519D-4BF6-9145-BA1E34C5960A}"
	ProjectSection(SolutionItems) = preProject
		docs\articles\toc.yml = docs\articles\toc.yml
	EndProjectSection
EndProject
Project("{2150E333-8FDC-42A3-9474-1A3956D46DE8}") = "images", "images", "{D80A88A7-7B19-4952-847B-0F0C9007AC69}"
EndProject
Project("{2150E333-8FDC-42A3-9474-1A3956D46DE8}") = "src", "src", "{3E55A20D-F8CE-4A3E-A168-CE0B9CC437AC}"
EndProject
Project("{2150E333-8FDC-42A3-9474-1A3956D46DE8}") = "maui", "maui", "{A31DDA19-E847-42EA-BBF1-D28EDE99808A}"
	ProjectSection(SolutionItems) = preProject
		docs\articles\maui\navigation-service.md = docs\articles\maui\navigation-service.md
		docs\articles\maui\region-manager.md = docs\articles\maui\region-manager.md
		docs\articles\maui\setup.md = docs\articles\maui\setup.md
		docs\articles\maui\toc.yml = docs\articles\maui\toc.yml
	EndProjectSection
EndProject
Project("{2150E333-8FDC-42A3-9474-1A3956D46DE8}") = "wpf", "wpf", "{90966E39-C99F-47F5-B1D7-94B82B1172AC}"
	ProjectSection(SolutionItems) = preProject
		docs\articles\wpf\dialog-service.md = docs\articles\wpf\dialog-service.md
		docs\articles\wpf\region-manager.md = docs\articles\wpf\region-manager.md
		docs\articles\wpf\setup.md = docs\articles\wpf\setup.md
	EndProjectSection
EndProject
Project("{2150E333-8FDC-42A3-9474-1A3956D46DE8}") = "_site", "_site", "{CF41C0CE-AFB5-4C69-9CB1-690E70221448}"
	ProjectSection(SolutionItems) = preProject
		docs\_site\favicon.ico = docs\_site\favicon.ico
		docs\_site\index.html = docs\_site\index.html
		docs\_site\logo.svg = docs\_site\logo.svg
		docs\_site\manifest.json = docs\_site\manifest.json
		docs\_site\search-stopwords.json = docs\_site\search-stopwords.json
		docs\_site\toc.html = docs\_site\toc.html
		docs\_site\toc.json = docs\_site\toc.json
		docs\_site\xrefmap.yml = docs\_site\xrefmap.yml
	EndProjectSection
EndProject
Project("{2150E333-8FDC-42A3-9474-1A3956D46DE8}") = "api", "api", "{C22B8CF1-0527-4AA9-99AB-8BBD5E3C318D}"
	ProjectSection(SolutionItems) = preProject
		docs\_site\api\index.html = docs\_site\api\index.html
		docs\_site\api\MVVMToolkitExtensions.html = docs\_site\api\MVVMToolkitExtensions.html
		docs\_site\api\MVVMToolkitExtensions.MAUI.Controls.html = docs\_site\api\MVVMToolkitExtensions.MAUI.Controls.html
		docs\_site\api\MVVMToolkitExtensions.MAUI.Controls.RegionControl.html = docs\_site\api\MVVMToolkitExtensions.MAUI.Controls.RegionControl.html
		docs\_site\api\MVVMToolkitExtensions.MAUI.Extensions.html = docs\_site\api\MVVMToolkitExtensions.MAUI.Extensions.html
		docs\_site\api\MVVMToolkitExtensions.MAUI.Extensions.MauiAppBuilderExtensions.html = docs\_site\api\MVVMToolkitExtensions.MAUI.Extensions.MauiAppBuilderExtensions.html
		docs\_site\api\MVVMToolkitExtensions.MAUI.Extensions.ServiceCollectionExtensions.html = docs\_site\api\MVVMToolkitExtensions.MAUI.Extensions.ServiceCollectionExtensions.html
		docs\_site\api\MVVMToolkitExtensions.MAUI.html = docs\_site\api\MVVMToolkitExtensions.MAUI.html
		docs\_site\api\MVVMToolkitExtensions.MAUI.Interfaces.html = docs\_site\api\MVVMToolkitExtensions.MAUI.Interfaces.html
		docs\_site\api\MVVMToolkitExtensions.MAUI.Interfaces.INavigationAware.html = docs\_site\api\MVVMToolkitExtensions.MAUI.Interfaces.INavigationAware.html
		docs\_site\api\MVVMToolkitExtensions.MAUI.Interfaces.INavigationService.html = docs\_site\api\MVVMToolkitExtensions.MAUI.Interfaces.INavigationService.html
		docs\_site\api\MVVMToolkitExtensions.MAUI.Interfaces.IPageFactory.html = docs\_site\api\MVVMToolkitExtensions.MAUI.Interfaces.IPageFactory.html
		docs\_site\api\MVVMToolkitExtensions.MAUI.Interfaces.IRegionManager.html = docs\_site\api\MVVMToolkitExtensions.MAUI.Interfaces.IRegionManager.html
		docs\_site\api\MVVMToolkitExtensions.MAUI.Interfaces.IViewFactory.html = docs\_site\api\MVVMToolkitExtensions.MAUI.Interfaces.IViewFactory.html
		docs\_site\api\MVVMToolkitExtensions.MAUI.Models.DialogParameters.html = docs\_site\api\MVVMToolkitExtensions.MAUI.Models.DialogParameters.html
		docs\_site\api\MVVMToolkitExtensions.MAUI.Models.html = docs\_site\api\MVVMToolkitExtensions.MAUI.Models.html
		docs\_site\api\MVVMToolkitExtensions.MAUI.Models.NavigationParameters.html = docs\_site\api\MVVMToolkitExtensions.MAUI.Models.NavigationParameters.html
		docs\_site\api\MVVMToolkitExtensions.MAUI.Models.ParametersBase.html = docs\_site\api\MVVMToolkitExtensions.MAUI.Models.ParametersBase.html
		docs\_site\api\MVVMToolkitExtensions.WPF.Controls.html = docs\_site\api\MVVMToolkitExtensions.WPF.Controls.html
		docs\_site\api\MVVMToolkitExtensions.WPF.Controls.RegionControl.html = docs\_site\api\MVVMToolkitExtensions.WPF.Controls.RegionControl.html
		docs\_site\api\MVVMToolkitExtensions.WPF.Extensions.html = docs\_site\api\MVVMToolkitExtensions.WPF.Extensions.html
		docs\_site\api\MVVMToolkitExtensions.WPF.Extensions.ServiceCollectionExtensions.html = docs\_site\api\MVVMToolkitExtensions.WPF.Extensions.ServiceCollectionExtensions.html
		docs\_site\api\MVVMToolkitExtensions.WPF.Extensions.ServiceProviderExtensions.html = docs\_site\api\MVVMToolkitExtensions.WPF.Extensions.ServiceProviderExtensions.html
		docs\_site\api\MVVMToolkitExtensions.WPF.html = docs\_site\api\MVVMToolkitExtensions.WPF.html
		docs\_site\api\MVVMToolkitExtensions.WPF.Interfaces.html = docs\_site\api\MVVMToolkitExtensions.WPF.Interfaces.html
		docs\_site\api\MVVMToolkitExtensions.WPF.Interfaces.IDialogAware.html = docs\_site\api\MVVMToolkitExtensions.WPF.Interfaces.IDialogAware.html
		docs\_site\api\MVVMToolkitExtensions.WPF.Interfaces.IDialogService.html = docs\_site\api\MVVMToolkitExtensions.WPF.Interfaces.IDialogService.html
		docs\_site\api\MVVMToolkitExtensions.WPF.Interfaces.INavigationAware.html = docs\_site\api\MVVMToolkitExtensions.WPF.Interfaces.INavigationAware.html
		docs\_site\api\MVVMToolkitExtensions.WPF.Interfaces.IRegionManager.html = docs\_site\api\MVVMToolkitExtensions.WPF.Interfaces.IRegionManager.html
		docs\_site\api\MVVMToolkitExtensions.WPF.Interfaces.IViewFactory.html = docs\_site\api\MVVMToolkitExtensions.WPF.Interfaces.IViewFactory.html
		docs\_site\api\MVVMToolkitExtensions.WPF.Models.BaseParameters.html = docs\_site\api\MVVMToolkitExtensions.WPF.Models.BaseParameters.html
		docs\_site\api\MVVMToolkitExtensions.WPF.Models.DialogParameters.html = docs\_site\api\MVVMToolkitExtensions.WPF.Models.DialogParameters.html
		docs\_site\api\MVVMToolkitExtensions.WPF.Models.html = docs\_site\api\MVVMToolkitExtensions.WPF.Models.html
		docs\_site\api\MVVMToolkitExtensions.WPF.Models.NavigationParameters.html = docs\_site\api\MVVMToolkitExtensions.WPF.Models.NavigationParameters.html
		docs\_site\api\toc.html = docs\_site\api\toc.html
		docs\_site\api\toc.json = docs\_site\api\toc.json
	EndProjectSection
EndProject
Project("{2150E333-8FDC-42A3-9474-1A3956D46DE8}") = "articles", "articles", "{EB090BE6-3506-417C-8F2C-048FF434A7A3}"
	ProjectSection(SolutionItems) = preProject
		docs\_site\articles\intro.html = docs\_site\articles\intro.html
		docs\_site\articles\toc.html = docs\_site\articles\toc.html
		docs\_site\articles\toc.json = docs\_site\articles\toc.json
	EndProjectSection
EndProject
Project("{2150E333-8FDC-42A3-9474-1A3956D46DE8}") = "public", "public", "{7D2034C1-F559-4970-8BFF-0484D7B5AE21}"
	ProjectSection(SolutionItems) = preProject
		docs\_site\public\bootstrap-icons-AJUF3K7A.woff2 = docs\_site\public\bootstrap-icons-AJUF3K7A.woff2
		docs\_site\public\bootstrap-icons-QRR4WHQW.woff = docs\_site\public\bootstrap-icons-QRR4WHQW.woff
		docs\_site\public\c4Diagram-c0b17d02-ZBCGQ7YY.min.js = docs\_site\public\c4Diagram-c0b17d02-ZBCGQ7YY.min.js
		docs\_site\public\c4Diagram-c0b17d02-ZBCGQ7YY.min.js.map = docs\_site\public\c4Diagram-c0b17d02-ZBCGQ7YY.min.js.map
		docs\_site\public\chunk-2JU6FAUR.min.js = docs\_site\public\chunk-2JU6FAUR.min.js
		docs\_site\public\chunk-2JU6FAUR.min.js.map = docs\_site\public\chunk-2JU6FAUR.min.js.map
		docs\_site\public\chunk-6WVHDLRC.min.js = docs\_site\public\chunk-6WVHDLRC.min.js
		docs\_site\public\chunk-6WVHDLRC.min.js.map = docs\_site\public\chunk-6WVHDLRC.min.js.map
		docs\_site\public\chunk-7DZIWMYU.min.js = docs\_site\public\chunk-7DZIWMYU.min.js
		docs\_site\public\chunk-7DZIWMYU.min.js.map = docs\_site\public\chunk-7DZIWMYU.min.js.map
		docs\_site\public\chunk-EOWJOLPV.min.js = docs\_site\public\chunk-EOWJOLPV.min.js
		docs\_site\public\chunk-EOWJOLPV.min.js.map = docs\_site\public\chunk-EOWJOLPV.min.js.map
		docs\_site\public\chunk-F5HZMA2O.min.js = docs\_site\public\chunk-F5HZMA2O.min.js
		docs\_site\public\chunk-F5HZMA2O.min.js.map = docs\_site\public\chunk-F5HZMA2O.min.js.map
		docs\_site\public\chunk-IKQ2FLSE.min.js = docs\_site\public\chunk-IKQ2FLSE.min.js
		docs\_site\public\chunk-IKQ2FLSE.min.js.map = docs\_site\public\chunk-IKQ2FLSE.min.js.map
		docs\_site\public\chunk-JYTG7Z5H.min.js = docs\_site\public\chunk-JYTG7Z5H.min.js
		docs\_site\public\chunk-JYTG7Z5H.min.js.map = docs\_site\public\chunk-JYTG7Z5H.min.js.map
		docs\_site\public\chunk-N4KMO2SW.min.js = docs\_site\public\chunk-N4KMO2SW.min.js
		docs\_site\public\chunk-N4KMO2SW.min.js.map = docs\_site\public\chunk-N4KMO2SW.min.js.map
		docs\_site\public\chunk-P42HNYSU.min.js = docs\_site\public\chunk-P42HNYSU.min.js
		docs\_site\public\chunk-P42HNYSU.min.js.map = docs\_site\public\chunk-P42HNYSU.min.js.map
		docs\_site\public\chunk-PBNKOM7K.min.js = docs\_site\public\chunk-PBNKOM7K.min.js
		docs\_site\public\chunk-PBNKOM7K.min.js.map = docs\_site\public\chunk-PBNKOM7K.min.js.map
		docs\_site\public\chunk-Q6G2VLU2.min.js = docs\_site\public\chunk-Q6G2VLU2.min.js
		docs\_site\public\chunk-Q6G2VLU2.min.js.map = docs\_site\public\chunk-Q6G2VLU2.min.js.map
		docs\_site\public\chunk-TCQ7DWI4.min.js = docs\_site\public\chunk-TCQ7DWI4.min.js
		docs\_site\public\chunk-TCQ7DWI4.min.js.map = docs\_site\public\chunk-TCQ7DWI4.min.js.map
		docs\_site\public\chunk-ZGFNTTPV.min.js = docs\_site\public\chunk-ZGFNTTPV.min.js
		docs\_site\public\chunk-ZGFNTTPV.min.js.map = docs\_site\public\chunk-ZGFNTTPV.min.js.map
		docs\_site\public\classDiagram-a8cc8886-QMC5ATKO.min.js = docs\_site\public\classDiagram-a8cc8886-QMC5ATKO.min.js
		docs\_site\public\classDiagram-a8cc8886-QMC5ATKO.min.js.map = docs\_site\public\classDiagram-a8cc8886-QMC5ATKO.min.js.map
		docs\_site\public\classDiagram-v2-802a48d3-DVZMOQWE.min.js = docs\_site\public\classDiagram-v2-802a48d3-DVZMOQWE.min.js
		docs\_site\public\classDiagram-v2-802a48d3-DVZMOQWE.min.js.map = docs\_site\public\classDiagram-v2-802a48d3-DVZMOQWE.min.js.map
		docs\_site\public\docfx.min.css = docs\_site\public\docfx.min.css
		docs\_site\public\docfx.min.css.map = docs\_site\public\docfx.min.css.map
		docs\_site\public\docfx.min.js = docs\_site\public\docfx.min.js
		docs\_site\public\docfx.min.js.map = docs\_site\public\docfx.min.js.map
		docs\_site\public\erDiagram-dedf2781-Q2Y2LWZP.min.js = docs\_site\public\erDiagram-dedf2781-Q2Y2LWZP.min.js
		docs\_site\public\erDiagram-dedf2781-Q2Y2LWZP.min.js.map = docs\_site\public\erDiagram-dedf2781-Q2Y2LWZP.min.js.map
		docs\_site\public\es-P4FFLVA3.min.js = docs\_site\public\es-P4FFLVA3.min.js
		docs\_site\public\es-P4FFLVA3.min.js.map = docs\_site\public\es-P4FFLVA3.min.js.map
		docs\_site\public\flowchart-elk-definition-56584a6c-5O7PL47I.min.js = docs\_site\public\flowchart-elk-definition-56584a6c-5O7PL47I.min.js
		docs\_site\public\flowchart-elk-definition-56584a6c-5O7PL47I.min.js.map = docs\_site\public\flowchart-elk-definition-56584a6c-5O7PL47I.min.js.map
		docs\_site\public\flowDiagram-d6f8fe3a-AG745K43.min.js = docs\_site\public\flowDiagram-d6f8fe3a-AG745K43.min.js
		docs\_site\public\flowDiagram-d6f8fe3a-AG745K43.min.js.map = docs\_site\public\flowDiagram-d6f8fe3a-AG745K43.min.js.map
		docs\_site\public\flowDiagram-v2-58f49b84-7H5SAYF6.min.js = docs\_site\public\flowDiagram-v2-58f49b84-7H5SAYF6.min.js
		docs\_site\public\flowDiagram-v2-58f49b84-7H5SAYF6.min.js.map = docs\_site\public\flowDiagram-v2-58f49b84-7H5SAYF6.min.js.map
		docs\_site\public\ganttDiagram-088dbd90-UQKBW6OE.min.js = docs\_site\public\ganttDiagram-088dbd90-UQKBW6OE.min.js
		docs\_site\public\ganttDiagram-088dbd90-UQKBW6OE.min.js.map = docs\_site\public\ganttDiagram-088dbd90-UQKBW6OE.min.js.map
		docs\_site\public\gitGraphDiagram-e0ffc2d1-HYWTEHTB.min.js = docs\_site\public\gitGraphDiagram-e0ffc2d1-HYWTEHTB.min.js
		docs\_site\public\gitGraphDiagram-e0ffc2d1-HYWTEHTB.min.js.map = docs\_site\public\gitGraphDiagram-e0ffc2d1-HYWTEHTB.min.js.map
		docs\_site\public\infoDiagram-64895a6e-MQ2S4K2K.min.js = docs\_site\public\infoDiagram-64895a6e-MQ2S4K2K.min.js
		docs\_site\public\infoDiagram-64895a6e-MQ2S4K2K.min.js.map = docs\_site\public\infoDiagram-64895a6e-MQ2S4K2K.min.js.map
		docs\_site\public\journeyDiagram-adaa34f8-UMRA3YOL.min.js = docs\_site\public\journeyDiagram-adaa34f8-UMRA3YOL.min.js
		docs\_site\public\journeyDiagram-adaa34f8-UMRA3YOL.min.js.map = docs\_site\public\journeyDiagram-adaa34f8-UMRA3YOL.min.js.map
		docs\_site\public\main.css = docs\_site\public\main.css
		docs\_site\public\main.js = docs\_site\public\main.js
		docs\_site\public\mermaid.core-5D3S35ZG.min.js = docs\_site\public\mermaid.core-5D3S35ZG.min.js
		docs\_site\public\mermaid.core-5D3S35ZG.min.js.map = docs\_site\public\mermaid.core-5D3S35ZG.min.js.map
		docs\_site\public\mindmap-definition-57868176-RJA5CHHA.min.js = docs\_site\public\mindmap-definition-57868176-RJA5CHHA.min.js
		docs\_site\public\mindmap-definition-57868176-RJA5CHHA.min.js.map = docs\_site\public\mindmap-definition-57868176-RJA5CHHA.min.js.map
		docs\_site\public\pieDiagram-3fca7ce7-O7VT65XQ.min.js = docs\_site\public\pieDiagram-3fca7ce7-O7VT65XQ.min.js
		docs\_site\public\pieDiagram-3fca7ce7-O7VT65XQ.min.js.map = docs\_site\public\pieDiagram-3fca7ce7-O7VT65XQ.min.js.map
		docs\_site\public\quadrantDiagram-0ca4be02-B3GDMHUK.min.js = docs\_site\public\quadrantDiagram-0ca4be02-B3GDMHUK.min.js
		docs\_site\public\quadrantDiagram-0ca4be02-B3GDMHUK.min.js.map = docs\_site\public\quadrantDiagram-0ca4be02-B3GDMHUK.min.js.map
		docs\_site\public\requirementDiagram-e13af0f0-JISW5VYB.min.js = docs\_site\public\requirementDiagram-e13af0f0-JISW5VYB.min.js
		docs\_site\public\requirementDiagram-e13af0f0-JISW5VYB.min.js.map = docs\_site\public\requirementDiagram-e13af0f0-JISW5VYB.min.js.map
		docs\_site\public\sankeyDiagram-a7f8e230-TNNMDSPM.min.js = docs\_site\public\sankeyDiagram-a7f8e230-TNNMDSPM.min.js
		docs\_site\public\sankeyDiagram-a7f8e230-TNNMDSPM.min.js.map = docs\_site\public\sankeyDiagram-a7f8e230-TNNMDSPM.min.js.map
		docs\_site\public\search-worker.min.js = docs\_site\public\search-worker.min.js
		docs\_site\public\search-worker.min.js.map = docs\_site\public\search-worker.min.js.map
		docs\_site\public\sequenceDiagram-84aa38e3-KQQQ54TM.min.js = docs\_site\public\sequenceDiagram-84aa38e3-KQQQ54TM.min.js
		docs\_site\public\sequenceDiagram-84aa38e3-KQQQ54TM.min.js.map = docs\_site\public\sequenceDiagram-84aa38e3-KQQQ54TM.min.js.map
		docs\_site\public\stateDiagram-9a586ac6-6TCK5EZW.min.js = docs\_site\public\stateDiagram-9a586ac6-6TCK5EZW.min.js
		docs\_site\public\stateDiagram-9a586ac6-6TCK5EZW.min.js.map = docs\_site\public\stateDiagram-9a586ac6-6TCK5EZW.min.js.map
		docs\_site\public\stateDiagram-v2-96f2b9df-5FO6F55E.min.js = docs\_site\public\stateDiagram-v2-96f2b9df-5FO6F55E.min.js
		docs\_site\public\stateDiagram-v2-96f2b9df-5FO6F55E.min.js.map = docs\_site\public\stateDiagram-v2-96f2b9df-5FO6F55E.min.js.map
		docs\_site\public\tex-svg-full-NDFOGKDH.min.js = docs\_site\public\tex-svg-full-NDFOGKDH.min.js
		docs\_site\public\tex-svg-full-NDFOGKDH.min.js.map = docs\_site\public\tex-svg-full-NDFOGKDH.min.js.map
		docs\_site\public\timeline-definition-1a90b03d-HQU2RWXG.min.js = docs\_site\public\timeline-definition-1a90b03d-HQU2RWXG.min.js
		docs\_site\public\timeline-definition-1a90b03d-HQU2RWXG.min.js.map = docs\_site\public\timeline-definition-1a90b03d-HQU2RWXG.min.js.map
	EndProjectSection
EndProject
Project("{2150E333-8FDC-42A3-9474-1A3956D46DE8}") = "maui", "maui", "{D528E072-9242-4C5C-B51A-0AFC953C7E8C}"
	ProjectSection(SolutionItems) = preProject
		docs\_site\articles\maui\navigation-service.html = docs\_site\articles\maui\navigation-service.html
		docs\_site\articles\maui\region-manager.html = docs\_site\articles\maui\region-manager.html
		docs\_site\articles\maui\setup.html = docs\_site\articles\maui\setup.html
		docs\_site\articles\maui\toc.html = docs\_site\articles\maui\toc.html
		docs\_site\articles\maui\toc.json = docs\_site\articles\maui\toc.json
	EndProjectSection
EndProject
Project("{2150E333-8FDC-42A3-9474-1A3956D46DE8}") = "wpf", "wpf", "{2FAEC0AA-CEF2-430A-96D3-8A633AA8BDE1}"
EndProject
Project("{FAE04EC0-301F-11D3-BF4B-00C04F79EFBC}") = "WPFDemo", "src\WPFDemo\WPFDemo.csproj", "{605A2AC7-6B66-435B-9AED-CC2682D3D9BF}"
EndProject
Global
	GlobalSection(SolutionConfigurationPlatforms) = preSolution
		Debug|Any CPU = Debug|Any CPU
		Release|Any CPU = Release|Any CPU
	EndGlobalSection
	GlobalSection(ProjectConfigurationPlatforms) = postSolution
		{CB68A799-DE1B-44EC-AEEC-293ABA4C15B2}.Debug|Any CPU.ActiveCfg = Debug|Any CPU
		{CB68A799-DE1B-44EC-AEEC-293ABA4C15B2}.Debug|Any CPU.Build.0 = Debug|Any CPU
		{CB68A799-DE1B-44EC-AEEC-293ABA4C15B2}.Release|Any CPU.ActiveCfg = Release|Any CPU
		{CB68A799-DE1B-44EC-AEEC-293ABA4C15B2}.Release|Any CPU.Build.0 = Release|Any CPU
		{BE8577F0-D0B2-4248-959A-DE8A79CC6E14}.Debug|Any CPU.ActiveCfg = Debug|Any CPU
		{BE8577F0-D0B2-4248-959A-DE8A79CC6E14}.Debug|Any CPU.Build.0 = Debug|Any CPU
		{BE8577F0-D0B2-4248-959A-DE8A79CC6E14}.Release|Any CPU.ActiveCfg = Release|Any CPU
		{BE8577F0-D0B2-4248-959A-DE8A79CC6E14}.Release|Any CPU.Build.0 = Release|Any CPU
		{2A79FF07-7C80-430D-B703-E48A17DFD044}.Debug|Any CPU.ActiveCfg = Debug|Any CPU
		{2A79FF07-7C80-430D-B703-E48A17DFD044}.Debug|Any CPU.Build.0 = Debug|Any CPU
		{2A79FF07-7C80-430D-B703-E48A17DFD044}.Release|Any CPU.ActiveCfg = Release|Any CPU
		{2A79FF07-7C80-430D-B703-E48A17DFD044}.Release|Any CPU.Build.0 = Release|Any CPU
		{EEB34D40-33B1-404A-B1F5-ECC42B4926B1}.Debug|Any CPU.ActiveCfg = Debug|Any CPU
		{EEB34D40-33B1-404A-B1F5-ECC42B4926B1}.Debug|Any CPU.Build.0 = Debug|Any CPU
		{EEB34D40-33B1-404A-B1F5-ECC42B4926B1}.Debug|Any CPU.Deploy.0 = Debug|Any CPU
		{EEB34D40-33B1-404A-B1F5-ECC42B4926B1}.Release|Any CPU.ActiveCfg = Release|Any CPU
		{EEB34D40-33B1-404A-B1F5-ECC42B4926B1}.Release|Any CPU.Build.0 = Release|Any CPU
		{44069740-6AAD-47EC-A471-EBBB34C59550}.Debug|Any CPU.ActiveCfg = Debug|Any CPU
		{44069740-6AAD-47EC-A471-EBBB34C59550}.Debug|Any CPU.Build.0 = Debug|Any CPU
		{44069740-6AAD-47EC-A471-EBBB34C59550}.Release|Any CPU.ActiveCfg = Release|Any CPU
		{44069740-6AAD-47EC-A471-EBBB34C59550}.Release|Any CPU.Build.0 = Release|Any CPU
		{70230C49-B2A4-4888-9852-FA134A838FB9}.Debug|Any CPU.ActiveCfg = Debug|Any CPU
		{70230C49-B2A4-4888-9852-FA134A838FB9}.Debug|Any CPU.Build.0 = Debug|Any CPU
		{70230C49-B2A4-4888-9852-FA134A838FB9}.Release|Any CPU.ActiveCfg = Release|Any CPU
		{70230C49-B2A4-4888-9852-FA134A838FB9}.Release|Any CPU.Build.0 = Release|Any CPU
		{605A2AC7-6B66-435B-9AED-CC2682D3D9BF}.Debug|Any CPU.ActiveCfg = Debug|Any CPU
		{605A2AC7-6B66-435B-9AED-CC2682D3D9BF}.Debug|Any CPU.Build.0 = Debug|Any CPU
		{605A2AC7-6B66-435B-9AED-CC2682D3D9BF}.Release|Any CPU.ActiveCfg = Release|Any CPU
		{605A2AC7-6B66-435B-9AED-CC2682D3D9BF}.Release|Any CPU.Build.0 = Release|Any CPU
	EndGlobalSection
	GlobalSection(SolutionProperties) = preSolution
		HideSolutionNode = FALSE
	EndGlobalSection
	GlobalSection(NestedProjects) = preSolution
		{A9747B97-48AA-4DC2-BC50-4DC60882DF68} = {DA38D034-FF49-4769-88D9-640B5C7B575C}
		{804ACBDE-A7AE-4FA6-9CD3-362D9E58A1A8} = {DA38D034-FF49-4769-88D9-640B5C7B575C}
		{CB68A799-DE1B-44EC-AEEC-293ABA4C15B2} = {804ACBDE-A7AE-4FA6-9CD3-362D9E58A1A8}
		{BE8577F0-D0B2-4248-959A-DE8A79CC6E14} = {A9747B97-48AA-4DC2-BC50-4DC60882DF68}
		{2A79FF07-7C80-430D-B703-E48A17DFD044} = {A9747B97-48AA-4DC2-BC50-4DC60882DF68}
		{EEB34D40-33B1-404A-B1F5-ECC42B4926B1} = {804ACBDE-A7AE-4FA6-9CD3-362D9E58A1A8}
		{212E9F58-991F-44A9-AF6E-55A348525E95} = {DA38D034-FF49-4769-88D9-640B5C7B575C}
		{44069740-6AAD-47EC-A471-EBBB34C59550} = {212E9F58-991F-44A9-AF6E-55A348525E95}
		{70230C49-B2A4-4888-9852-FA134A838FB9} = {212E9F58-991F-44A9-AF6E-55A348525E95}
		{E93A4C55-F9A1-438F-B234-AB7E440FD62C} = {DA38D034-FF49-4769-88D9-640B5C7B575C}
		{18DBEC0E-C9B4-41A9-AC87-19626C0BB914} = {E93A4C55-F9A1-438F-B234-AB7E440FD62C}
		{A695965B-87CD-4825-A675-389BF77AB79E} = {E93A4C55-F9A1-438F-B234-AB7E440FD62C}
		{DF39242D-519D-4BF6-9145-BA1E34C5960A} = {E93A4C55-F9A1-438F-B234-AB7E440FD62C}
		{D80A88A7-7B19-4952-847B-0F0C9007AC69} = {E93A4C55-F9A1-438F-B234-AB7E440FD62C}
		{3E55A20D-F8CE-4A3E-A168-CE0B9CC437AC} = {E93A4C55-F9A1-438F-B234-AB7E440FD62C}
		{A31DDA19-E847-42EA-BBF1-D28EDE99808A} = {DF39242D-519D-4BF6-9145-BA1E34C5960A}
		{90966E39-C99F-47F5-B1D7-94B82B1172AC} = {DF39242D-519D-4BF6-9145-BA1E34C5960A}
		{CF41C0CE-AFB5-4C69-9CB1-690E70221448} = {E93A4C55-F9A1-438F-B234-AB7E440FD62C}
		{C22B8CF1-0527-4AA9-99AB-8BBD5E3C318D} = {CF41C0CE-AFB5-4C69-9CB1-690E70221448}
		{EB090BE6-3506-417C-8F2C-048FF434A7A3} = {CF41C0CE-AFB5-4C69-9CB1-690E70221448}
		{7D2034C1-F559-4970-8BFF-0484D7B5AE21} = {CF41C0CE-AFB5-4C69-9CB1-690E70221448}
		{D528E072-9242-4C5C-B51A-0AFC953C7E8C} = {EB090BE6-3506-417C-8F2C-048FF434A7A3}
		{2FAEC0AA-CEF2-430A-96D3-8A633AA8BDE1} = {EB090BE6-3506-417C-8F2C-048FF434A7A3}
		{605A2AC7-6B66-435B-9AED-CC2682D3D9BF} = {804ACBDE-A7AE-4FA6-9CD3-362D9E58A1A8}
	EndGlobalSection
	GlobalSection(ExtensibilityGlobals) = postSolution
		SolutionGuid = {83F55445-FCB8-49C5-BC9C-5A7EE8117F2C}
	EndGlobalSection
EndGlobal
