
Microsoft Visual Studio Solution File, Format Version 12.00
# Visual Studio Version 17
VisualStudioVersion = 17.0.31903.59
MinimumVisualStudioVersion = 10.0.40219.1
Project("{2150E333-8FDC-42A3-9474-1A3956D46DE8}") = "MVVMToolkitExtensions", "MVVMToolkitExtensions", "{DA38D034-FF49-4769-88D9-640B5C7B575C}"
	ProjectSection(SolutionItems) = preProject
		.gitattributes = .gitattributes
		.gitignore = .gitignore
		LICENSE.txt = LICENSE.txt
		README.md = README.md
	EndProjectSection
EndProject
Project("{2150E333-8FDC-42A3-9474-1A3956D46DE8}") = "src", "src", "{A9747B97-48AA-4DC2-BC50-4DC60882DF68}"
EndProject
Project("{2150E333-8FDC-42A3-9474-1A3956D46DE8}") = "demos", "demos", "{804ACBDE-A7AE-4FA6-9CD3-362D9E58A1A8}"
EndProject
Project("{9A19103F-16F7-4668-BE54-9A1E7A4F7556}") = "MVVMToolkitExtensions.WPF.Demo", "demos\MVVMToolkitExtensions.WPF.Demo\MVVMToolkitExtensions.WPF.Demo.csproj", "{CB68A799-DE1B-44EC-AEEC-293ABA4C15B2}"
EndProject
Project("{9A19103F-16F7-4668-BE54-9A1E7A4F7556}") = "MVVMToolkitExtensions.WPF", "src\MVVMToolkitExtensions.WPF\MVVMToolkitExtensions.WPF.csproj", "{BE8577F0-D0B2-4248-959A-DE8A79CC6E14}"
EndProject
Project("{FAE04EC0-301F-11D3-BF4B-00C04F79EFBC}") = "MVVMToolkitExtensions.MAUI", "src\MVVMToolkitExtensions.MAUI\MVVMToolkitExtensions.MAUI.csproj", "{2A79FF07-7C80-430D-B703-E48A17DFD044}"
EndProject
Project("{FAE04EC0-301F-11D3-BF4B-00C04F79EFBC}") = "MVVMToolkitExtensions.MAUI.Demo", "demos\MVVMToolkitExtensions.MAUI.Demo\MVVMToolkitExtensions.MAUI.Demo.csproj", "{EEB34D40-33B1-404A-B1F5-ECC42B4926B1}"
EndProject
Project("{2150E333-8FDC-42A3-9474-1A3956D46DE8}") = "tests", "tests", "{212E9F58-991F-44A9-AF6E-55A348525E95}"
EndProject
Project("{FAE04EC0-301F-11D3-BF4B-00C04F79EFBC}") = "MVVMToolkitExtensions.MAUI.Tests", "tests\MVVMToolkitExtensions.MAUI.Tests\MVVMToolkitExtensions.MAUI.Tests.csproj", "{44069740-6AAD-47EC-A471-EBBB34C59550}"
EndProject
Project("{FAE04EC0-301F-11D3-BF4B-00C04F79EFBC}") = "MVVMToolkitExtensions.Core", "src\MVVMToolkitExtensions.Core\MVVMToolkitExtensions.Core.csproj", "{48E082CB-3752-4F55-BE46-85A21CEE07F1}"
EndProject
Project("{FAE04EC0-301F-11D3-BF4B-00C04F79EFBC}") = "MVVMToolkitExtensions.WPF.Tests", "tests\MVVMToolkitExtensions.WPF.Tests\MVVMToolkitExtensions.WPF.Tests.csproj", "{70230C49-B2A4-4888-9852-FA134A838FB9}"
EndProject
Project("{FAE04EC0-301F-11D3-BF4B-00C04F79EFBC}") = "MVVMToolkitExtensions.Core.Tests", "tests\MVVMToolkitExtensions.Core.Tests\MVVMToolkitExtensions.Core.Tests.csproj", "{C653651C-9F9C-4043-8445-FB698E2B6D6A}"
EndProject
Global
	GlobalSection(SolutionConfigurationPlatforms) = preSolution
		Debug|Any CPU = Debug|Any CPU
		Release|Any CPU = Release|Any CPU
	EndGlobalSection
	GlobalSection(ProjectConfigurationPlatforms) = postSolution
		{CB68A799-DE1B-44EC-AEEC-293ABA4C15B2}.Debug|Any CPU.ActiveCfg = Debug|Any CPU
		{CB68A799-DE1B-44EC-AEEC-293ABA4C15B2}.Debug|Any CPU.Build.0 = Debug|Any CPU
		{CB68A799-DE1B-44EC-AEEC-293ABA4C15B2}.Release|Any CPU.ActiveCfg = Release|Any CPU
		{CB68A799-DE1B-44EC-AEEC-293ABA4C15B2}.Release|Any CPU.Build.0 = Release|Any CPU
		{BE8577F0-D0B2-4248-959A-DE8A79CC6E14}.Debug|Any CPU.ActiveCfg = Debug|Any CPU
		{BE8577F0-D0B2-4248-959A-DE8A79CC6E14}.Debug|Any CPU.Build.0 = Debug|Any CPU
		{BE8577F0-D0B2-4248-959A-DE8A79CC6E14}.Release|Any CPU.ActiveCfg = Release|Any CPU
		{BE8577F0-D0B2-4248-959A-DE8A79CC6E14}.Release|Any CPU.Build.0 = Release|Any CPU
		{2A79FF07-7C80-430D-B703-E48A17DFD044}.Debug|Any CPU.ActiveCfg = Debug|Any CPU
		{2A79FF07-7C80-430D-B703-E48A17DFD044}.Debug|Any CPU.Build.0 = Debug|Any CPU
		{2A79FF07-7C80-430D-B703-E48A17DFD044}.Release|Any CPU.ActiveCfg = Release|Any CPU
		{2A79FF07-7C80-430D-B703-E48A17DFD044}.Release|Any CPU.Build.0 = Release|Any CPU
		{EEB34D40-33B1-404A-B1F5-ECC42B4926B1}.Debug|Any CPU.ActiveCfg = Debug|Any CPU
		{EEB34D40-33B1-404A-B1F5-ECC42B4926B1}.Debug|Any CPU.Build.0 = Debug|Any CPU
		{EEB34D40-33B1-404A-B1F5-ECC42B4926B1}.Release|Any CPU.ActiveCfg = Release|Any CPU
		{EEB34D40-33B1-404A-B1F5-ECC42B4926B1}.Release|Any CPU.Build.0 = Release|Any CPU
		{44069740-6AAD-47EC-A471-EBBB34C59550}.Debug|Any CPU.ActiveCfg = Debug|Any CPU
		{44069740-6AAD-47EC-A471-EBBB34C59550}.Debug|Any CPU.Build.0 = Debug|Any CPU
		{44069740-6AAD-47EC-A471-EBBB34C59550}.Release|Any CPU.ActiveCfg = Release|Any CPU
		{44069740-6AAD-47EC-A471-EBBB34C59550}.Release|Any CPU.Build.0 = Release|Any CPU
		{48E082CB-3752-4F55-BE46-85A21CEE07F1}.Debug|Any CPU.ActiveCfg = Debug|Any CPU
		{48E082CB-3752-4F55-BE46-85A21CEE07F1}.Debug|Any CPU.Build.0 = Debug|Any CPU
		{48E082CB-3752-4F55-BE46-85A21CEE07F1}.Release|Any CPU.ActiveCfg = Release|Any CPU
		{48E082CB-3752-4F55-BE46-85A21CEE07F1}.Release|Any CPU.Build.0 = Release|Any CPU
		{70230C49-B2A4-4888-9852-FA134A838FB9}.Debug|Any CPU.ActiveCfg = Debug|Any CPU
		{70230C49-B2A4-4888-9852-FA134A838FB9}.Debug|Any CPU.Build.0 = Debug|Any CPU
		{70230C49-B2A4-4888-9852-FA134A838FB9}.Release|Any CPU.ActiveCfg = Release|Any CPU
		{70230C49-B2A4-4888-9852-FA134A838FB9}.Release|Any CPU.Build.0 = Release|Any CPU
		{C653651C-9F9C-4043-8445-FB698E2B6D6A}.Debug|Any CPU.ActiveCfg = Debug|Any CPU
		{C653651C-9F9C-4043-8445-FB698E2B6D6A}.Debug|Any CPU.Build.0 = Debug|Any CPU
		{C653651C-9F9C-4043-8445-FB698E2B6D6A}.Release|Any CPU.ActiveCfg = Release|Any CPU
		{C653651C-9F9C-4043-8445-FB698E2B6D6A}.Release|Any CPU.Build.0 = Release|Any CPU
	EndGlobalSection
	GlobalSection(SolutionProperties) = preSolution
		HideSolutionNode = FALSE
	EndGlobalSection
	GlobalSection(NestedProjects) = preSolution
		{A9747B97-48AA-4DC2-BC50-4DC60882DF68} = {DA38D034-FF49-4769-88D9-640B5C7B575C}
		{804ACBDE-A7AE-4FA6-9CD3-362D9E58A1A8} = {DA38D034-FF49-4769-88D9-640B5C7B575C}
		{CB68A799-DE1B-44EC-AEEC-293ABA4C15B2} = {804ACBDE-A7AE-4FA6-9CD3-362D9E58A1A8}
		{BE8577F0-D0B2-4248-959A-DE8A79CC6E14} = {A9747B97-48AA-4DC2-BC50-4DC60882DF68}
		{2A79FF07-7C80-430D-B703-E48A17DFD044} = {A9747B97-48AA-4DC2-BC50-4DC60882DF68}
		{EEB34D40-33B1-404A-B1F5-ECC42B4926B1} = {804ACBDE-A7AE-4FA6-9CD3-362D9E58A1A8}
		{212E9F58-991F-44A9-AF6E-55A348525E95} = {DA38D034-FF49-4769-88D9-640B5C7B575C}
		{44069740-6AAD-47EC-A471-EBBB34C59550} = {212E9F58-991F-44A9-AF6E-55A348525E95}
		{48E082CB-3752-4F55-BE46-85A21CEE07F1} = {A9747B97-48AA-4DC2-BC50-4DC60882DF68}
		{70230C49-B2A4-4888-9852-FA134A838FB9} = {212E9F58-991F-44A9-AF6E-55A348525E95}
		{C653651C-9F9C-4043-8445-FB698E2B6D6A} = {212E9F58-991F-44A9-AF6E-55A348525E95}
	EndGlobalSection
	GlobalSection(ExtensibilityGlobals) = postSolution
		SolutionGuid = {83F55445-FCB8-49C5-BC9C-5A7EE8117F2C}
	EndGlobalSection
EndGlobal
